
Microsoft Visual Studio Solution File, Format Version 12.00
# Visual Studio Version 17
VisualStudioVersion = 17.8.34330.188
MinimumVisualStudioVersion = 10.0.40219.1
Project("{9A19103F-16F7-4668-BE54-9A1E7A4F7556}") = "Product.Managment.Api", "Product.Managment.Api\Product.Managment.Api.csproj", "{F5348CE6-4D9E-4571-AC14-7E8B11AFD3FD}"
EndProject
Project("{FAE04EC0-301F-11D3-BF4B-00C04F79EFBC}") = "Domain", "Domain\Domain.csproj", "{A099448B-FEED-40BD-B538-EF32DB6E57F3}"
EndProject
Project("{FAE04EC0-301F-11D3-BF4B-00C04F79EFBC}") = "Application", "Application\Application.csproj", "{3484C1E4-462A-4B26-844A-06EBE867D254}"
EndProject
Project("{FAE04EC0-301F-11D3-BF4B-00C04F79EFBC}") = "Infrastructure", "Infrastructure\Infrastructure.csproj", "{470B4544-234F-42B2-BEFB-58CB7EA9A940}"
EndProject
Global
	GlobalSection(SolutionConfigurationPlatforms) = preSolution
		Debug|Any CPU = Debug|Any CPU
		Release|Any CPU = Release|Any CPU
	EndGlobalSection
	GlobalSection(ProjectConfigurationPlatforms) = postSolution
		{F5348CE6-4D9E-4571-AC14-7E8B11AFD3FD}.Debug|Any CPU.ActiveCfg = Debug|Any CPU
		{F5348CE6-4D9E-4571-AC14-7E8B11AFD3FD}.Debug|Any CPU.Build.0 = Debug|Any CPU
		{F5348CE6-4D9E-4571-AC14-7E8B11AFD3FD}.Release|Any CPU.ActiveCfg = Release|Any CPU
		{F5348CE6-4D9E-4571-AC14-7E8B11AFD3FD}.Release|Any CPU.Build.0 = Release|Any CPU
		{A099448B-FEED-40BD-B538-EF32DB6E57F3}.Debug|Any CPU.ActiveCfg = Debug|Any CPU
		{A099448B-FEED-40BD-B538-EF32DB6E57F3}.Debug|Any CPU.Build.0 = Debug|Any CPU
		{A099448B-FEED-40BD-B538-EF32DB6E57F3}.Release|Any CPU.ActiveCfg = Release|Any CPU
		{A099448B-FEED-40BD-B538-EF32DB6E57F3}.Release|Any CPU.Build.0 = Release|Any CPU
		{3484C1E4-462A-4B26-844A-06EBE867D254}.Debug|Any CPU.ActiveCfg = Debug|Any CPU
		{3484C1E4-462A-4B26-844A-06EBE867D254}.Debug|Any CPU.Build.0 = Debug|Any CPU
		{3484C1E4-462A-4B26-844A-06EBE867D254}.Release|Any CPU.ActiveCfg = Release|Any CPU
		{3484C1E4-462A-4B26-844A-06EBE867D254}.Release|Any CPU.Build.0 = Release|Any CPU
		{470B4544-234F-42B2-BEFB-58CB7EA9A940}.Debug|Any CPU.ActiveCfg = Debug|Any CPU
		{470B4544-234F-42B2-BEFB-58CB7EA9A940}.Debug|Any CPU.Build.0 = Debug|Any CPU
		{470B4544-234F-42B2-BEFB-58CB7EA9A940}.Release|Any CPU.ActiveCfg = Release|Any CPU
		{470B4544-234F-42B2-BEFB-58CB7EA9A940}.Release|Any CPU.Build.0 = Release|Any CPU
	EndGlobalSection
	GlobalSection(SolutionProperties) = preSolution
		HideSolutionNode = FALSE
	EndGlobalSection
	GlobalSection(ExtensibilityGlobals) = postSolution
		SolutionGuid = {2482F370-DC0D-404C-8595-0F1CA0F70978}
	EndGlobalSection
EndGlobal
